
Microsoft Visual Studio Solution File, Format Version 12.00
# Visual Studio 14
VisualStudioVersion = 14.0.24720.0
MinimumVisualStudioVersion = 10.0.40219.1
Project("{FAE04EC0-301F-11D3-BF4B-00C04F79EFBC}") = "DotNetRuleEngine.Core", "DotNetRuleEngine.Core\DotNetRuleEngine.Core.csproj", "{341DAB80-DB57-49C5-A0D8-1719C576620E}"
EndProject
Project("{FAE04EC0-301F-11D3-BF4B-00C04F79EFBC}") = "DotNetRuleEngine.Test", "DotNetRuleEngine.Test\DotNetRuleEngine.Test.csproj", "{8373D974-0709-41A8-AB5C-B48BCF45A0B9}"
EndProject
Project("{2150E333-8FDC-42A3-9474-1A3956D46DE8}") = "README", "README", "{DE51A0E4-F424-4FE3-B199-0CA909BD55A6}"
	ProjectSection(SolutionItems) = preProject
		README.md = README.md
	EndProjectSection
EndProject
Project("{FAE04EC0-301F-11D3-BF4B-00C04F79EFBC}") = "DotNetRuleEngine.Core.Interface", "DotNetRuleEngine.Core.Interface\DotNetRuleEngine.Core.Interface.csproj", "{A32CE06E-62FB-41E7-81A7-6F9070EE00D4}"
EndProject
Global
	GlobalSection(SolutionConfigurationPlatforms) = preSolution
		Debug|Any CPU = Debug|Any CPU
		Release|Any CPU = Release|Any CPU
	EndGlobalSection
	GlobalSection(ProjectConfigurationPlatforms) = postSolution
		{341DAB80-DB57-49C5-A0D8-1719C576620E}.Debug|Any CPU.ActiveCfg = Debug|Any CPU
		{341DAB80-DB57-49C5-A0D8-1719C576620E}.Debug|Any CPU.Build.0 = Debug|Any CPU
		{341DAB80-DB57-49C5-A0D8-1719C576620E}.Release|Any CPU.ActiveCfg = Release|Any CPU
		{341DAB80-DB57-49C5-A0D8-1719C576620E}.Release|Any CPU.Build.0 = Release|Any CPU
		{8373D974-0709-41A8-AB5C-B48BCF45A0B9}.Debug|Any CPU.ActiveCfg = Debug|Any CPU
		{8373D974-0709-41A8-AB5C-B48BCF45A0B9}.Debug|Any CPU.Build.0 = Debug|Any CPU
		{8373D974-0709-41A8-AB5C-B48BCF45A0B9}.Release|Any CPU.ActiveCfg = Release|Any CPU
		{8373D974-0709-41A8-AB5C-B48BCF45A0B9}.Release|Any CPU.Build.0 = Release|Any CPU
		{A32CE06E-62FB-41E7-81A7-6F9070EE00D4}.Debug|Any CPU.ActiveCfg = Debug|Any CPU
		{A32CE06E-62FB-41E7-81A7-6F9070EE00D4}.Debug|Any CPU.Build.0 = Debug|Any CPU
		{A32CE06E-62FB-41E7-81A7-6F9070EE00D4}.Release|Any CPU.ActiveCfg = Release|Any CPU
		{A32CE06E-62FB-41E7-81A7-6F9070EE00D4}.Release|Any CPU.Build.0 = Release|Any CPU
	EndGlobalSection
	GlobalSection(SolutionProperties) = preSolution
		HideSolutionNode = FALSE
	EndGlobalSection
EndGlobal
